// !$*UTF8*$!
{
	archiveVersion = 1;
	classes = {
	};
	objectVersion = 48;
	objects = {

/* Begin PBXFileReference section */
		9C1ABC3220B66B06003110A9 /* test.txt */ = {isa = PBXFileReference; lastKnownFileType = text; path = test.txt; sourceTree = "<group>"; };
		9C1ABC3420B66BE6003110A9 /* main.cpp */ = {isa = PBXFileReference; lastKnownFileType = sourcecode.cpp.cpp; path = main.cpp; sourceTree = "<group>"; };
		9C1ABC3520B66C0B003110A9 /* input_parser.cpp */ = {isa = PBXFileReference; lastKnownFileType = sourcecode.cpp.cpp; path = input_parser.cpp; sourceTree = "<group>"; };
		9C1ABC3620B66C0B003110A9 /* input_parser.hpp */ = {isa = PBXFileReference; lastKnownFileType = sourcecode.cpp.h; path = input_parser.hpp; sourceTree = "<group>"; };
/* End PBXFileReference section */

/* Begin PBXGroup section */
		9C1ABC2820B669CD003110A9 = {
			isa = PBXGroup;
			children = (
				9C1ABC3220B66B06003110A9 /* test.txt */,
				9C1ABC3420B66BE6003110A9 /* main.cpp */,
				9C1ABC3520B66C0B003110A9 /* input_parser.cpp */,
				9C1ABC3620B66C0B003110A9 /* input_parser.hpp */,
			);
			sourceTree = "<group>";
		};
/* End PBXGroup section */

/* Begin PBXProject section */
		9C1ABC2920B669CD003110A9 /* Project object */ = {
			isa = PBXProject;
			attributes = {
				LastUpgradeCheck = 0920;
			};
			buildConfigurationList = 9C1ABC2C20B669CD003110A9 /* Build configuration list for PBXProject "SchedulingAndDeadlockAvoidance" */;
			compatibilityVersion = "Xcode 8.0";
			developmentRegion = en;
			hasScannedForEncodings = 0;
			knownRegions = (
				en,
			);
			mainGroup = 9C1ABC2820B669CD003110A9;
			projectDirPath = "";
			projectRoot = "";
			targets = (
			);
		};
/* End PBXProject section */

/* Begin XCBuildConfiguration section */
		9C1ABC2D20B669CD003110A9 /* Debug */ = {
			isa = XCBuildConfiguration;
			buildSettings = {
			};
			name = Debug;
		};
		9C1ABC2E20B669CD003110A9 /* Release */ = {
			isa = XCBuildConfiguration;
			buildSettings = {
			};
			name = Release;
		};
/* End XCBuildConfiguration section */

/* Begin XCConfigurationList section */
		9C1ABC2C20B669CD003110A9 /* Build configuration list for PBXProject "SchedulingAndDeadlockAvoidance" */ = {
			isa = XCConfigurationList;
			buildConfigurations = (
				9C1ABC2D20B669CD003110A9 /* Debug */,
				9C1ABC2E20B669CD003110A9 /* Release */,
			);
			defaultConfigurationIsVisible = 0;
			defaultConfigurationName = Release;
		};
/* End XCConfigurationList section */
	};
	rootObject = 9C1ABC2920B669CD003110A9 /* Project object */;
}
